
Microsoft Visual Studio Solution File, Format Version 12.00
# Visual Studio 15
VisualStudioVersion = 15.0.27428.2037
MinimumVisualStudioVersion = 10.0.40219.1
Project("{2150E333-8FDC-42A3-9474-1A3956D46DE8}") = "01_DataAcquisition", "01_DataAcquisition", "{B85033E8-081A-44C7-9787-815B85AAE1AC}"
EndProject
Project("{2150E333-8FDC-42A3-9474-1A3956D46DE8}") = "00_DataObjects", "00_DataObjects", "{D31E3DF2-5F08-4F2B-A78D-08CF7856264C}"
EndProject
Project("{2150E333-8FDC-42A3-9474-1A3956D46DE8}") = "02_BusinessRules", "02_BusinessRules", "{7F1F0F4B-317E-4410-91B4-BA0EABBD6022}"
EndProject
Project("{FAE04EC0-301F-11D3-BF4B-00C04F79EFBC}") = "Objects", "Objects\Objects.csproj", "{81814A7D-972F-4F1C-8BA0-375FA150CDCF}"
EndProject
Project("{FAE04EC0-301F-11D3-BF4B-00C04F79EFBC}") = "MEFLoader", "Loader\MEFLoader.csproj", "{FCAC15E7-DE19-4504-B5C5-58BBB7CF5E40}"
EndProject
Project("{FAE04EC0-301F-11D3-BF4B-00C04F79EFBC}") = "Controller", "Controller\Controller.csproj", "{B91A45D5-BE78-48DD-A075-9F431FA07DE0}"
EndProject
Project("{2150E333-8FDC-42A3-9474-1A3956D46DE8}") = "SERVER", "SERVER", "{085D589C-1BED-44E7-A59D-2D9968AE5819}"
EndProject
Project("{2150E333-8FDC-42A3-9474-1A3956D46DE8}") = "SOURCES", "SOURCES", "{A1526AF2-BDDA-4774-BF9A-30EF20C72B20}"
EndProject
Project("{FAE04EC0-301F-11D3-BF4B-00C04F79EFBC}") = "Test", "TestWeather\Test.csproj", "{0B38DE6E-3FB8-4E67-A7CE-07042CD5941B}"
EndProject
Project("{2150E333-8FDC-42A3-9474-1A3956D46DE8}") = "CLIENTS", "CLIENTS", "{B1797FBA-9089-447B-86F2-A17CA161481C}"
EndProject
Project("{2150E333-8FDC-42A3-9474-1A3956D46DE8}") = "04_Controller", "04_Controller", "{B6E04BEA-2083-4D92-BE18-B12AE707EDEC}"
EndProject
Project("{FAE04EC0-301F-11D3-BF4B-00C04F79EFBC}") = "Weather", "Weather\Weather.csproj", "{3760D892-6D8E-4F27-8639-95DA33C1EB5E}"
EndProject
Project("{FAE04EC0-301F-11D3-BF4B-00C04F79EFBC}") = "Kodi", "Kodi\Kodi.csproj", "{B09FF7CA-F391-4314-A8CB-560C2ECE62D8}"
EndProject
Project("{FAE04EC0-301F-11D3-BF4B-00C04F79EFBC}") = "GenericInfo", "GenericInfo\GenericInfo.csproj", "{8ABB28A6-5396-4451-84AB-BA1EF49255D4}"
EndProject
Project("{2150E333-8FDC-42A3-9474-1A3956D46DE8}") = "00_DesktopClient", "00_DesktopClient", "{5FB9B77C-48E4-4093-BCC0-77742560BC59}"
EndProject
Project("{FAE04EC0-301F-11D3-BF4B-00C04F79EFBC}") = "DesktopClient", "DesktopClient\DesktopClient.csproj", "{DE067C10-8BAF-40EC-87F9-90E290BA8B1A}"
EndProject
Project("{FAE04EC0-301F-11D3-BF4B-00C04F79EFBC}") = "BusinessRules", "RuleObjects\BusinessRules.csproj", "{3F5C588F-A3EA-4EE5-9F23-6A9A882003FC}"
EndProject
Project("{2150E333-8FDC-42A3-9474-1A3956D46DE8}") = "99_Installer", "99_Installer", "{0A31CACD-F30D-4CEE-8F20-0935B17072BA}"
EndProject
Project("{2150E333-8FDC-42A3-9474-1A3956D46DE8}") = "99_Installer", "99_Installer", "{DB34742E-7BD0-4F4A-9A8D-B59A787D043E}"
EndProject
Project("{54435603-DBB4-11D2-8724-00A0C9A8B90C}") = "ClientInstaller", "ClientInstaller\ClientInstaller.vdproj", "{9EF105D1-AFF5-4322-B051-890A965C7672}"
EndProject
Project("{54435603-DBB4-11D2-8724-00A0C9A8B90C}") = "ServerInstaller", "ServerInstaller\ServerInstaller.vdproj", "{4C0ABC35-94B5-4756-BE63-1D28CB53F852}"
EndProject
Global
	GlobalSection(SolutionConfigurationPlatforms) = preSolution
		Debug|Any CPU = Debug|Any CPU
		Release|Any CPU = Release|Any CPU
	EndGlobalSection
	GlobalSection(ProjectConfigurationPlatforms) = postSolution
		{81814A7D-972F-4F1C-8BA0-375FA150CDCF}.Debug|Any CPU.ActiveCfg = Debug|Any CPU
		{81814A7D-972F-4F1C-8BA0-375FA150CDCF}.Debug|Any CPU.Build.0 = Debug|Any CPU
		{81814A7D-972F-4F1C-8BA0-375FA150CDCF}.Release|Any CPU.ActiveCfg = Release|Any CPU
		{81814A7D-972F-4F1C-8BA0-375FA150CDCF}.Release|Any CPU.Build.0 = Release|Any CPU
		{FCAC15E7-DE19-4504-B5C5-58BBB7CF5E40}.Debug|Any CPU.ActiveCfg = Debug|Any CPU
		{FCAC15E7-DE19-4504-B5C5-58BBB7CF5E40}.Debug|Any CPU.Build.0 = Debug|Any CPU
		{FCAC15E7-DE19-4504-B5C5-58BBB7CF5E40}.Release|Any CPU.ActiveCfg = Release|Any CPU
		{FCAC15E7-DE19-4504-B5C5-58BBB7CF5E40}.Release|Any CPU.Build.0 = Release|Any CPU
		{B91A45D5-BE78-48DD-A075-9F431FA07DE0}.Debug|Any CPU.ActiveCfg = Debug|Any CPU
		{B91A45D5-BE78-48DD-A075-9F431FA07DE0}.Debug|Any CPU.Build.0 = Debug|Any CPU
		{B91A45D5-BE78-48DD-A075-9F431FA07DE0}.Release|Any CPU.ActiveCfg = Release|Any CPU
		{B91A45D5-BE78-48DD-A075-9F431FA07DE0}.Release|Any CPU.Build.0 = Release|Any CPU
		{0B38DE6E-3FB8-4E67-A7CE-07042CD5941B}.Debug|Any CPU.ActiveCfg = Debug|Any CPU
		{0B38DE6E-3FB8-4E67-A7CE-07042CD5941B}.Debug|Any CPU.Build.0 = Debug|Any CPU
		{0B38DE6E-3FB8-4E67-A7CE-07042CD5941B}.Release|Any CPU.ActiveCfg = Release|Any CPU
		{0B38DE6E-3FB8-4E67-A7CE-07042CD5941B}.Release|Any CPU.Build.0 = Release|Any CPU
		{3760D892-6D8E-4F27-8639-95DA33C1EB5E}.Debug|Any CPU.ActiveCfg = Debug|Any CPU
		{3760D892-6D8E-4F27-8639-95DA33C1EB5E}.Debug|Any CPU.Build.0 = Debug|Any CPU
		{3760D892-6D8E-4F27-8639-95DA33C1EB5E}.Release|Any CPU.ActiveCfg = Release|Any CPU
		{3760D892-6D8E-4F27-8639-95DA33C1EB5E}.Release|Any CPU.Build.0 = Release|Any CPU
		{B09FF7CA-F391-4314-A8CB-560C2ECE62D8}.Debug|Any CPU.ActiveCfg = Debug|Any CPU
		{B09FF7CA-F391-4314-A8CB-560C2ECE62D8}.Debug|Any CPU.Build.0 = Debug|Any CPU
		{B09FF7CA-F391-4314-A8CB-560C2ECE62D8}.Release|Any CPU.ActiveCfg = Release|Any CPU
		{B09FF7CA-F391-4314-A8CB-560C2ECE62D8}.Release|Any CPU.Build.0 = Release|Any CPU
		{8ABB28A6-5396-4451-84AB-BA1EF49255D4}.Debug|Any CPU.ActiveCfg = Debug|Any CPU
		{8ABB28A6-5396-4451-84AB-BA1EF49255D4}.Debug|Any CPU.Build.0 = Debug|Any CPU
		{8ABB28A6-5396-4451-84AB-BA1EF49255D4}.Release|Any CPU.ActiveCfg = Release|Any CPU
		{8ABB28A6-5396-4451-84AB-BA1EF49255D4}.Release|Any CPU.Build.0 = Release|Any CPU
		{DE067C10-8BAF-40EC-87F9-90E290BA8B1A}.Debug|Any CPU.ActiveCfg = Debug|Any CPU
		{DE067C10-8BAF-40EC-87F9-90E290BA8B1A}.Debug|Any CPU.Build.0 = Debug|Any CPU
		{DE067C10-8BAF-40EC-87F9-90E290BA8B1A}.Release|Any CPU.ActiveCfg = Release|Any CPU
		{DE067C10-8BAF-40EC-87F9-90E290BA8B1A}.Release|Any CPU.Build.0 = Release|Any CPU
		{3F5C588F-A3EA-4EE5-9F23-6A9A882003FC}.Debug|Any CPU.ActiveCfg = Debug|Any CPU
		{3F5C588F-A3EA-4EE5-9F23-6A9A882003FC}.Debug|Any CPU.Build.0 = Debug|Any CPU
		{3F5C588F-A3EA-4EE5-9F23-6A9A882003FC}.Release|Any CPU.ActiveCfg = Release|Any CPU
		{3F5C588F-A3EA-4EE5-9F23-6A9A882003FC}.Release|Any CPU.Build.0 = Release|Any CPU
		{9EF105D1-AFF5-4322-B051-890A965C7672}.Debug|Any CPU.ActiveCfg = Debug
		{9EF105D1-AFF5-4322-B051-890A965C7672}.Debug|Any CPU.Build.0 = Debug
		{9EF105D1-AFF5-4322-B051-890A965C7672}.Release|Any CPU.ActiveCfg = Release
		{9EF105D1-AFF5-4322-B051-890A965C7672}.Release|Any CPU.Build.0 = Release
		{4C0ABC35-94B5-4756-BE63-1D28CB53F852}.Debug|Any CPU.ActiveCfg = Debug
		{4C0ABC35-94B5-4756-BE63-1D28CB53F852}.Debug|Any CPU.Build.0 = Debug
		{4C0ABC35-94B5-4756-BE63-1D28CB53F852}.Release|Any CPU.ActiveCfg = Release
		{4C0ABC35-94B5-4756-BE63-1D28CB53F852}.Release|Any CPU.Build.0 = Release
	EndGlobalSection
	GlobalSection(SolutionProperties) = preSolution
		HideSolutionNode = FALSE
	EndGlobalSection
	GlobalSection(NestedProjects) = preSolution
		{B85033E8-081A-44C7-9787-815B85AAE1AC} = {085D589C-1BED-44E7-A59D-2D9968AE5819}
		{D31E3DF2-5F08-4F2B-A78D-08CF7856264C} = {085D589C-1BED-44E7-A59D-2D9968AE5819}
		{7F1F0F4B-317E-4410-91B4-BA0EABBD6022} = {085D589C-1BED-44E7-A59D-2D9968AE5819}
		{81814A7D-972F-4F1C-8BA0-375FA150CDCF} = {D31E3DF2-5F08-4F2B-A78D-08CF7856264C}
		{FCAC15E7-DE19-4504-B5C5-58BBB7CF5E40} = {B85033E8-081A-44C7-9787-815B85AAE1AC}
		{B91A45D5-BE78-48DD-A075-9F431FA07DE0} = {B6E04BEA-2083-4D92-BE18-B12AE707EDEC}
		{0B38DE6E-3FB8-4E67-A7CE-07042CD5941B} = {A1526AF2-BDDA-4774-BF9A-30EF20C72B20}
		{B6E04BEA-2083-4D92-BE18-B12AE707EDEC} = {085D589C-1BED-44E7-A59D-2D9968AE5819}
		{3760D892-6D8E-4F27-8639-95DA33C1EB5E} = {A1526AF2-BDDA-4774-BF9A-30EF20C72B20}
		{B09FF7CA-F391-4314-A8CB-560C2ECE62D8} = {A1526AF2-BDDA-4774-BF9A-30EF20C72B20}
		{8ABB28A6-5396-4451-84AB-BA1EF49255D4} = {A1526AF2-BDDA-4774-BF9A-30EF20C72B20}
		{5FB9B77C-48E4-4093-BCC0-77742560BC59} = {B1797FBA-9089-447B-86F2-A17CA161481C}
		{DE067C10-8BAF-40EC-87F9-90E290BA8B1A} = {5FB9B77C-48E4-4093-BCC0-77742560BC59}
		{3F5C588F-A3EA-4EE5-9F23-6A9A882003FC} = {7F1F0F4B-317E-4410-91B4-BA0EABBD6022}
		{0A31CACD-F30D-4CEE-8F20-0935B17072BA} = {B1797FBA-9089-447B-86F2-A17CA161481C}
		{DB34742E-7BD0-4F4A-9A8D-B59A787D043E} = {085D589C-1BED-44E7-A59D-2D9968AE5819}
		{9EF105D1-AFF5-4322-B051-890A965C7672} = {0A31CACD-F30D-4CEE-8F20-0935B17072BA}
		{4C0ABC35-94B5-4756-BE63-1D28CB53F852} = {DB34742E-7BD0-4F4A-9A8D-B59A787D043E}
	EndGlobalSection
	GlobalSection(ExtensibilityGlobals) = postSolution
		SolutionGuid = {4B159763-F086-4573-8718-FD31595226B5}
	EndGlobalSection
EndGlobal
